{
  "name": "wearehere",
  "version": "0.1.0",
  "lockfileVersion": 3,
  "requires": true,
  "packages": {
    "": {
      "name": "wearehere",
      "version": "0.1.0",
      "license": "MIT",
      "dependencies": {
        "barebrowse": "file:../barebrowse"
      },
      "bin": {
        "wearehere": "mcp-server.js"
      },
      "engines": {
        "node": ">=22"
      }
    },
    "../barebrowse": {
      "version": "0.4.6",
      "license": "MIT",
      "bin": {
        "barebrowse": "cli.js"
      },
      "engines": {
        "node": ">=22"
      }
    },
    "node_modules/barebrowse": {
      "resolved": "../barebrowse",
      "link": true
    }
  }
}
